post:
  tags:
  - Интеграционное API СЭП ПЭП
  summary: Заблокировать СЭП ПЭП
  description: 'Привилегии: SIGN.TECH.DST_SIMPLE_SIGN_BLOCK'
  operationId: block
  requestBody:
    content:
      application/json:
        schema:
          $ref: ../../components/schemas/dst/GenericCommandDstSimpleSignBlockRequestDto.yaml
    required: true
  responses:
    '415':
      description: Unsupported Media Type
      content:
        '*/*':
          schema:
            $ref: ../../components/schemas/common/ActionResultObject.yaml
    '500':
      description: Internal Server Error
      content:
        '*/*':
          schema:
            $ref: ../../components/schemas/common/ActionResult.yaml
    '403':
      description: Forbidden
      content:
        '*/*':
          schema:
            $ref: ../../components/schemas/common/ActionResult.yaml
    '200':
      description: OK
      content:
        '*/*':
          schema:
            $ref: ../../components/schemas/dst/GenericResponseSimpleErrorDataDstSimpleSignBlockResponseDto.yaml
    '423':
      description: Locked
      content:
        '*/*':
          schema:
            $ref: ../../components/schemas/common/ActionResultObject.yaml
    '401':
      description: Unauthorized
      content:
        '*/*':
          schema:
            $ref: ../../components/schemas/common/ActionResultObject.yaml
    '400':
      description: Bad Request
      content:
        '*/*':
          schema:
            $ref: ../../components/schemas/common/ActionResultObject.yaml
  security: []
