type: object
description: Блок путей до каталогов авторассылки.
properties:
  failCatalogPath:
    type: string
    description: Путь до каталога, содержащего файла после неуспешной обработки.
  sourceCatalogPath:
    type: string
    description: Путь до каталога сканирования.
  successCatalogPath:
    type: string
    description: Путь до каталога, содержащего файла после успешной обработки.
