post:
  summary: 'Сервис: Блокировка QR-кода'
  tags:
  - СИП. Сервис Merchant API - QRC
  requestBody:
    content:
      application/json:
        schema:
          $ref: ../../components/schemas/common/QrcIdRequestDto.yaml
    required: true
  responses:
    '200':
      description: OK
      content:
        application/json:
          schema:
            $ref: ../../components/schemas/merchant/QrcBlockResultDto.yaml
    '400':
      description: Bad Request
